// !$*UTF8*$!
{
	archiveVersion = 1;
	classes = {
	};
	objectVersion = 50;
	objects = {

/* Begin PBXBuildFile section */
		DC05C83A26CFB388000D65B7 /* AppDelegate.swift in Sources */ = {isa = PBXBuildFile; fileRef = DC05C83926CFB388000D65B7 /* AppDelegate.swift */; };
		DC05C83C26CFB388000D65B7 /* SceneDelegate.swift in Sources */ = {isa = PBXBuildFile; fileRef = DC05C83B26CFB388000D65B7 /* SceneDelegate.swift */; };
		DC05C83E26CFB388000D65B7 /* CurrentLocationViewController.swift in Sources */ = {isa = PBXBuildFile; fileRef = DC05C83D26CFB388000D65B7 /* CurrentLocationViewController.swift */; };
		DC05C84126CFB388000D65B7 /* Main.storyboard in Resources */ = {isa = PBXBuildFile; fileRef = DC05C83F26CFB388000D65B7 /* Main.storyboard */; };
		DC05C84426CFB388000D65B7 /* MyLocation.xcdatamodeld in Sources */ = {isa = PBXBuildFile; fileRef = DC05C84226CFB388000D65B7 /* MyLocation.xcdatamodeld */; };
		DC05C84626CFB389000D65B7 /* Assets.xcassets in Resources */ = {isa = PBXBuildFile; fileRef = DC05C84526CFB389000D65B7 /* Assets.xcassets */; };
		DC05C84926CFB389000D65B7 /* LaunchScreen.storyboard in Resources */ = {isa = PBXBuildFile; fileRef = DC05C84726CFB389000D65B7 /* LaunchScreen.storyboard */; };
		DC3E619B26DD274700EF8E00 /* LocationDetailsViewController.swift in Sources */ = {isa = PBXBuildFile; fileRef = DC3E619A26DD274700EF8E00 /* LocationDetailsViewController.swift */; };
		DCE6F40126DE54DB00C089B2 /* CategoryPickerViewController.swift in Sources */ = {isa = PBXBuildFile; fileRef = DCE6F40026DE54DB00C089B2 /* CategoryPickerViewController.swift */; };
/* End PBXBuildFile section */

/* Begin PBXFileReference section */
		DC05C83626CFB388000D65B7 /* MyLocation.app */ = {isa = PBXFileReference; explicitFileType = wrapper.application; includeInIndex = 0; path = MyLocation.app; sourceTree = BUILT_PRODUCTS_DIR; };
		DC05C83926CFB388000D65B7 /* AppDelegate.swift */ = {isa = PBXFileReference; lastKnownFileType = sourcecode.swift; path = AppDelegate.swift; sourceTree = "<group>"; };
		DC05C83B26CFB388000D65B7 /* SceneDelegate.swift */ = {isa = PBXFileReference; lastKnownFileType = sourcecode.swift; path = SceneDelegate.swift; sourceTree = "<group>"; };
		DC05C83D26CFB388000D65B7 /* CurrentLocationViewController.swift */ = {isa = PBXFileReference; lastKnownFileType = sourcecode.swift; path = CurrentLocationViewController.swift; sourceTree = "<group>"; };
		DC05C84026CFB388000D65B7 /* Base */ = {isa = PBXFileReference; lastKnownFileType = file.storyboard; name = Base; path = Base.lproj/Main.storyboard; sourceTree = "<group>"; };
		DC05C84326CFB388000D65B7 /* MyLocation.xcdatamodel */ = {isa = PBXFileReference; lastKnownFileType = wrapper.xcdatamodel; path = MyLocation.xcdatamodel; sourceTree = "<group>"; };
		DC05C84526CFB389000D65B7 /* Assets.xcassets */ = {isa = PBXFileReference; lastKnownFileType = folder.assetcatalog; path = Assets.xcassets; sourceTree = "<group>"; };
		DC05C84826CFB389000D65B7 /* Base */ = {isa = PBXFileReference; lastKnownFileType = file.storyboard; name = Base; path = Base.lproj/LaunchScreen.storyboard; sourceTree = "<group>"; };
		DC05C84A26CFB389000D65B7 /* Info.plist */ = {isa = PBXFileReference; lastKnownFileType = text.plist.xml; path = Info.plist; sourceTree = "<group>"; };
		DC3E619A26DD274700EF8E00 /* LocationDetailsViewController.swift */ = {isa = PBXFileReference; lastKnownFileType = sourcecode.swift; path = LocationDetailsViewController.swift; sourceTree = "<group>"; };
		DCE6F40026DE54DB00C089B2 /* CategoryPickerViewController.swift */ = {isa = PBXFileReference; lastKnownFileType = sourcecode.swift; path = CategoryPickerViewController.swift; sourceTree = "<group>"; };
/* End PBXFileReference section */

/* Begin PBXFrameworksBuildPhase section */
		DC05C83326CFB388000D65B7 /* Frameworks */ = {
			isa = PBXFrameworksBuildPhase;
			buildActionMask = 2147483647;
			files = (
			);
			runOnlyForDeploymentPostprocessing = 0;
		};
/* End PBXFrameworksBuildPhase section */

/* Begin PBXGroup section */
		DC05C82D26CFB388000D65B7 = {
			isa = PBXGroup;
			children = (
				DC05C83826CFB388000D65B7 /* MyLocation */,
				DC05C83726CFB388000D65B7 /* Products */,
			);
			sourceTree = "<group>";
		};
		DC05C83726CFB388000D65B7 /* Products */ = {
			isa = PBXGroup;
			children = (
				DC05C83626CFB388000D65B7 /* MyLocation.app */,
			);
			name = Products;
			sourceTree = "<group>";
		};
		DC05C83826CFB388000D65B7 /* MyLocation */ = {
			isa = PBXGroup;
			children = (
				DC05C83926CFB388000D65B7 /* AppDelegate.swift */,
				DC05C83B26CFB388000D65B7 /* SceneDelegate.swift */,
				DC05C83D26CFB388000D65B7 /* CurrentLocationViewController.swift */,
				DC3E619A26DD274700EF8E00 /* LocationDetailsViewController.swift */,
				DCE6F40026DE54DB00C089B2 /* CategoryPickerViewController.swift */,
				DC05C83F26CFB388000D65B7 /* Main.storyboard */,
				DC05C84526CFB389000D65B7 /* Assets.xcassets */,
				DC05C84726CFB389000D65B7 /* LaunchScreen.storyboard */,
				DC05C84A26CFB389000D65B7 /* Info.plist */,
				DC05C84226CFB388000D65B7 /* MyLocation.xcdatamodeld */,
			);
			path = MyLocation;
			sourceTree = "<group>";
		};
/* End PBXGroup section */

/* Begin PBXNativeTarget section */
		DC05C83526CFB388000D65B7 /* MyLocation */ = {
			isa = PBXNativeTarget;
			buildConfigurationList = DC05C84D26CFB389000D65B7 /* Build configuration list for PBXNativeTarget "MyLocation" */;
			buildPhases = (
				DC05C83226CFB388000D65B7 /* Sources */,
				DC05C83326CFB388000D65B7 /* Frameworks */,
				DC05C83426CFB388000D65B7 /* Resources */,
			);
			buildRules = (
			);
			dependencies = (
			);
			name = MyLocation;
			productName = MyLocation;
			productReference = DC05C83626CFB388000D65B7 /* MyLocation.app */;
			productType = "com.apple.product-type.application";
		};
/* End PBXNativeTarget section */

/* Begin PBXProject section */
		DC05C82E26CFB388000D65B7 /* Project object */ = {
			isa = PBXProject;
			attributes = {
				LastSwiftUpdateCheck = 1250;
				LastUpgradeCheck = 1250;
				TargetAttributes = {
					DC05C83526CFB388000D65B7 = {
						CreatedOnToolsVersion = 12.5.1;
					};
				};
			};
			buildConfigurationList = DC05C83126CFB388000D65B7 /* Build configuration list for PBXProject "MyLocation" */;
			compatibilityVersion = "Xcode 9.3";
			developmentRegion = en;
			hasScannedForEncodings = 0;
			knownRegions = (
				en,
				Base,
			);
			mainGroup = DC05C82D26CFB388000D65B7;
			productRefGroup = DC05C83726CFB388000D65B7 /* Products */;
			projectDirPath = "";
			projectRoot = "";
			targets = (
				DC05C83526CFB388000D65B7 /* MyLocation */,
			);
		};
/* End PBXProject section */

/* Begin PBXResourcesBuildPhase section */
		DC05C83426CFB388000D65B7 /* Resources */ = {
			isa = PBXResourcesBuildPhase;
			buildActionMask = 2147483647;
			files = (
				DC05C84926CFB389000D65B7 /* LaunchScreen.storyboard in Resources */,
				DC05C84626CFB389000D65B7 /* Assets.xcassets in Resources */,
				DC05C84126CFB388000D65B7 /* Main.storyboard in Resources */,
			);
			runOnlyForDeploymentPostprocessing = 0;
		};
/* End PBXResourcesBuildPhase section */

/* Begin PBXSourcesBuildPhase section */
		DC05C83226CFB388000D65B7 /* Sources */ = {
			isa = PBXSourcesBuildPhase;
			buildActionMask = 2147483647;
			files = (
				DCE6F40126DE54DB00C089B2 /* CategoryPickerViewController.swift in Sources */,
				DC05C83E26CFB388000D65B7 /* CurrentLocationViewController.swift in Sources */,
				DC05C83A26CFB388000D65B7 /* AppDelegate.swift in Sources */,
				DC05C84426CFB388000D65B7 /* MyLocation.xcdatamodeld in Sources */,
				DC05C83C26CFB388000D65B7 /* SceneDelegate.swift in Sources */,
				DC3E619B26DD274700EF8E00 /* LocationDetailsViewController.swift in Sources */,
			);
			runOnlyForDeploymentPostprocessing = 0;
		};
/* End PBXSourcesBuildPhase section */

/* Begin PBXVariantGroup section */
		DC05C83F26CFB388000D65B7 /* Main.storyboard */ = {
			isa = PBXVariantGroup;
			children = (
				DC05C84026CFB388000D65B7 /* Base */,
			);
			name = Main.storyboard;
			sourceTree = "<group>";
		};
		DC05C84726CFB389000D65B7 /* LaunchScreen.storyboard */ = {
			isa = PBXVariantGroup;
			children = (
				DC05C84826CFB389000D65B7 /* Base */,
			);
			name = LaunchScreen.storyboard;
			sourceTree = "<group>";
		};
/* End PBXVariantGroup section */

/* Begin XCBuildConfiguration section */
		DC05C84B26CFB389000D65B7 /* Debug */ = {
			isa = XCBuildConfiguration;
			buildSettings = {
				ALWAYS_SEARCH_USER_PATHS = NO;
				CLANG_ANALYZER_NONNULL = YES;
				CLANG_ANALYZER_NUMBER_OBJECT_CONVERSION = YES_AGGRESSIVE;
				CLANG_CXX_LANGUAGE_STANDARD = "gnu++14";
				CLANG_CXX_LIBRARY = "libc++";
				CLANG_ENABLE_MODULES = YES;
				CLANG_ENABLE_OBJC_ARC = YES;
				CLANG_ENABLE_OBJC_WEAK = YES;
				CLANG_WARN_BLOCK_CAPTURE_AUTORELEASING = YES;
				CLANG_WARN_BOOL_CONVERSION = YES;
				CLANG_WARN_COMMA = YES;
				CLANG_WARN_CONSTANT_CONVERSION = YES;
				CLANG_WARN_DEPRECATED_OBJC_IMPLEMENTATIONS = YES;
				CLANG_WARN_DIRECT_OBJC_ISA_USAGE = YES_ERROR;
				CLANG_WARN_DOCUMENTATION_COMMENTS = YES;
				CLANG_WARN_EMPTY_BODY = YES;
				CLANG_WARN_ENUM_CONVERSION = YES;
				CLANG_WARN_INFINITE_RECURSION = YES;
				CLANG_WARN_INT_CONVERSION = YES;
				CLANG_WARN_NON_LITERAL_NULL_CONVERSION = YES;
				CLANG_WARN_OBJC_IMPLICIT_RETAIN_SELF = YES;
				CLANG_WARN_OBJC_LITERAL_CONVERSION = YES;
				CLANG_WARN_OBJC_ROOT_CLASS = YES_ERROR;
				CLANG_WARN_QUOTED_INCLUDE_IN_FRAMEWORK_HEADER = YES;
				CLANG_WARN_RANGE_LOOP_ANALYSIS = YES;
				CLANG_WARN_STRICT_PROTOTYPES = YES;
				CLANG_WARN_SUSPICIOUS_MOVE = YES;
				CLANG_WARN_UNGUARDED_AVAILABILITY = YES_AGGRESSIVE;
				CLANG_WARN_UNREACHABLE_CODE = YES;
				CLANG_WARN__DUPLICATE_METHOD_MATCH = YES;
				COPY_PHASE_STRIP = NO;
				DEBUG_INFORMATION_FORMAT = dwarf;
				ENABLE_STRICT_OBJC_MSGSEND = YES;
				ENABLE_TESTABILITY = YES;
				GCC_C_LANGUAGE_STANDARD = gnu11;
				GCC_DYNAMIC_NO_PIC = NO;
				GCC_NO_COMMON_BLOCKS = YES;
				GCC_OPTIMIZATION_LEVEL = 0;
				GCC_PREPROCESSOR_DEFINITIONS = (
					"DEBUG=1",
					"$(inherited)",
				);
				GCC_WARN_64_TO_32_BIT_CONVERSION = YES;
				GCC_WARN_ABOUT_RETURN_TYPE = YES_ERROR;
				GCC_WARN_UNDECLARED_SELECTOR = YES;
				GCC_WARN_UNINITIALIZED_AUTOS = YES_AGGRESSIVE;
				GCC_WARN_UNUSED_FUNCTION = YES;
				GCC_WARN_UNUSED_VARIABLE = YES;
				IPHONEOS_DEPLOYMENT_TARGET = 14.5;
				MTL_ENABLE_DEBUG_INFO = INCLUDE_SOURCE;
				MTL_FAST_MATH = YES;
				ONLY_ACTIVE_ARCH = YES;
				SDKROOT = iphoneos;
				SWIFT_ACTIVE_COMPILATION_CONDITIONS = DEBUG;
				SWIFT_OPTIMIZATION_LEVEL = "-Onone";
			};
			name = Debug;
		};
		DC05C84C26CFB389000D65B7 /* Release */ = {
			isa = XCBuildConfiguration;
			buildSettings = {
				ALWAYS_SEARCH_USER_PATHS = NO;
				CLANG_ANALYZER_NONNULL = YES;
				CLANG_ANALYZER_NUMBER_OBJECT_CONVERSION = YES_AGGRESSIVE;
				CLANG_CXX_LANGUAGE_STANDARD = "gnu++14";
				CLANG_CXX_LIBRARY = "libc++";
				CLANG_ENABLE_MODULES = YES;
				CLANG_ENABLE_OBJC_ARC = YES;
				CLANG_ENABLE_OBJC_WEAK = YES;
				CLANG_WARN_BLOCK_CAPTURE_AUTORELEASING = YES;
				CLANG_WARN_BOOL_CONVERSION = YES;
				CLANG_WARN_COMMA = YES;
				CLANG_WARN_CONSTANT_CONVERSION = YES;
				CLANG_WARN_DEPRECATED_OBJC_IMPLEMENTATIONS = YES;
				CLANG_WARN_DIRECT_OBJC_ISA_USAGE = YES_ERROR;
				CLANG_WARN_DOCUMENTATION_COMMENTS = YES;
				CLANG_WARN_EMPTY_BODY = YES;
				CLANG_WARN_ENUM_CONVERSION = YES;
				CLANG_WARN_INFINITE_RECURSION = YES;
				CLANG_WARN_INT_CONVERSION = YES;
				CLANG_WARN_NON_LITERAL_NULL_CONVERSION = YES;
				CLANG_WARN_OBJC_IMPLICIT_RETAIN_SELF = YES;
				CLANG_WARN_OBJC_LITERAL_CONVERSION = YES;
				CLANG_WARN_OBJC_ROOT_CLASS = YES_ERROR;
				CLANG_WARN_QUOTED_INCLUDE_IN_FRAMEWORK_HEADER = YES;
				CLANG_WARN_RANGE_LOOP_ANALYSIS = YES;
				CLANG_WARN_STRICT_PROTOTYPES = YES;
				CLANG_WARN_SUSPICIOUS_MOVE = YES;
				CLANG_WARN_UNGUARDED_AVAILABILITY = YES_AGGRESSIVE;
				CLANG_WARN_UNREACHABLE_CODE = YES;
				CLANG_WARN__DUPLICATE_METHOD_MATCH = YES;
				COPY_PHASE_STRIP = NO;
				DEBUG_INFORMATION_FORMAT = "dwarf-with-dsym";
				ENABLE_NS_ASSERTIONS = NO;
				ENABLE_STRICT_OBJC_MSGSEND = YES;
				GCC_C_LANGUAGE_STANDARD = gnu11;
				GCC_NO_COMMON_BLOCKS = YES;
				GCC_WARN_64_TO_32_BIT_CONVERSION = YES;
				GCC_WARN_ABOUT_RETURN_TYPE = YES_ERROR;
				GCC_WARN_UNDECLARED_SELECTOR = YES;
				GCC_WARN_UNINITIALIZED_AUTOS = YES_AGGRESSIVE;
				GCC_WARN_UNUSED_FUNCTION = YES;
				GCC_WARN_UNUSED_VARIABLE = YES;
				IPHONEOS_DEPLOYMENT_TARGET = 14.5;
				MTL_ENABLE_DEBUG_INFO = NO;
				MTL_FAST_MATH = YES;
				SDKROOT = iphoneos;
				SWIFT_COMPILATION_MODE = wholemodule;
				SWIFT_OPTIMIZATION_LEVEL = "-O";
				VALIDATE_PRODUCT = YES;
			};
			name = Release;
		};
		DC05C84E26CFB389000D65B7 /* Debug */ = {
			isa = XCBuildConfiguration;
			buildSettings = {
				ASSETCATALOG_COMPILER_APPICON_NAME = AppIcon;
				ASSETCATALOG_COMPILER_GLOBAL_ACCENT_COLOR_NAME = AccentColor;
				CODE_SIGN_STYLE = Automatic;
				DEVELOPMENT_TEAM = MU6RTL5NN9;
				INFOPLIST_FILE = MyLocation/Info.plist;
				IPHONEOS_DEPLOYMENT_TARGET = 14.5;
				LD_RUNPATH_SEARCH_PATHS = (
					"$(inherited)",
					"@executable_path/Frameworks",
				);
				PRODUCT_BUNDLE_IDENTIFIER = SergeyMedvedev.MyLocation;
				PRODUCT_NAME = "$(TARGET_NAME)";
				SWIFT_VERSION = 5.0;
				TARGETED_DEVICE_FAMILY = "1,2";
			};
			name = Debug;
		};
		DC05C84F26CFB389000D65B7 /* Release */ = {
			isa = XCBuildConfiguration;
			buildSettings = {
				ASSETCATALOG_COMPILER_APPICON_NAME = AppIcon;
				ASSETCATALOG_COMPILER_GLOBAL_ACCENT_COLOR_NAME = AccentColor;
				CODE_SIGN_STYLE = Automatic;
				DEVELOPMENT_TEAM = MU6RTL5NN9;
				INFOPLIST_FILE = MyLocation/Info.plist;
				IPHONEOS_DEPLOYMENT_TARGET = 14.5;
				LD_RUNPATH_SEARCH_PATHS = (
					"$(inherited)",
					"@executable_path/Frameworks",
				);
				PRODUCT_BUNDLE_IDENTIFIER = SergeyMedvedev.MyLocation;
				PRODUCT_NAME = "$(TARGET_NAME)";
				SWIFT_VERSION = 5.0;
				TARGETED_DEVICE_FAMILY = "1,2";
			};
			name = Release;
		};
/* End XCBuildConfiguration section */

/* Begin XCConfigurationList section */
		DC05C83126CFB388000D65B7 /* Build configuration list for PBXProject "MyLocation" */ = {
			isa = XCConfigurationList;
			buildConfigurations = (
				DC05C84B26CFB389000D65B7 /* Debug */,
				DC05C84C26CFB389000D65B7 /* Release */,
			);
			defaultConfigurationIsVisible = 0;
			defaultConfigurationName = Release;
		};
		DC05C84D26CFB389000D65B7 /* Build configuration list for PBXNativeTarget "MyLocation" */ = {
			isa = XCConfigurationList;
			buildConfigurations = (
				DC05C84E26CFB389000D65B7 /* Debug */,
				DC05C84F26CFB389000D65B7 /* Release */,
			);
			defaultConfigurationIsVisible = 0;
			defaultConfigurationName = Release;
		};
/* End XCConfigurationList section */

/* Begin XCVersionGroup section */
		DC05C84226CFB388000D65B7 /* MyLocation.xcdatamodeld */ = {
			isa = XCVersionGroup;
			children = (
				DC05C84326CFB388000D65B7 /* MyLocation.xcdatamodel */,
			);
			currentVersion = DC05C84326CFB388000D65B7 /* MyLocation.xcdatamodel */;
			path = MyLocation.xcdatamodeld;
			sourceTree = "<group>";
			versionGroupType = wrapper.xcdatamodel;
		};
/* End XCVersionGroup section */
	};
	rootObject = DC05C82E26CFB388000D65B7 /* Project object */;
}
